
Microsoft Visual Studio Solution File, Format Version 12.00
# Visual Studio 15
VisualStudioVersion = 15.0.27130.2036
MinimumVisualStudioVersion = 10.0.40219.1
Project("{FAE04EC0-301F-11D3-BF4B-00C04F79EFBC}") = "ListColorsEvenElegantlier", "ListColorsEvenElegantlier.csproj", "{89C61AE9-0BEF-4BEA-85FB-A10D3674D0C4}"
EndProject
Project("{FAE04EC0-301F-11D3-BF4B-00C04F79EFBC}") = "WpfSyntax", "..\WpfSyntax\WpfSyntax.csproj", "{209DB13A-F627-4211-B780-937F051039DA}"
EndProject
Project("{FAE04EC0-301F-11D3-BF4B-00C04F79EFBC}") = "ColorfulWindow", "..\ColorfulWindow\ColorfulWindow.csproj", "{243635A3-1400-47B1-BC66-98F3DF14959F}"
EndProject
Project("{FAE04EC0-301F-11D3-BF4B-00C04F79EFBC}") = "ColorsListbox", "..\ColorsListbox\ColorsListbox.csproj", "{BD94B19B-5982-49E6-9677-51212EE7C309}"
EndProject
Project("{FAE04EC0-301F-11D3-BF4B-00C04F79EFBC}") = "OutlinedText", "..\OutlinedText\OutlinedText.csproj", "{008DC332-1BB5-4CE3-9266-E121CC1427D4}"
EndProject
Global
	GlobalSection(SolutionConfigurationPlatforms) = preSolution
		Debug|Any CPU = Debug|Any CPU
		Release|Any CPU = Release|Any CPU
	EndGlobalSection
	GlobalSection(ProjectConfigurationPlatforms) = postSolution
		{89C61AE9-0BEF-4BEA-85FB-A10D3674D0C4}.Debug|Any CPU.ActiveCfg = Debug|Any CPU
		{89C61AE9-0BEF-4BEA-85FB-A10D3674D0C4}.Debug|Any CPU.Build.0 = Debug|Any CPU
		{89C61AE9-0BEF-4BEA-85FB-A10D3674D0C4}.Release|Any CPU.ActiveCfg = Release|Any CPU
		{89C61AE9-0BEF-4BEA-85FB-A10D3674D0C4}.Release|Any CPU.Build.0 = Release|Any CPU
		{209DB13A-F627-4211-B780-937F051039DA}.Debug|Any CPU.ActiveCfg = Debug|Any CPU
		{209DB13A-F627-4211-B780-937F051039DA}.Debug|Any CPU.Build.0 = Debug|Any CPU
		{209DB13A-F627-4211-B780-937F051039DA}.Release|Any CPU.ActiveCfg = Release|Any CPU
		{209DB13A-F627-4211-B780-937F051039DA}.Release|Any CPU.Build.0 = Release|Any CPU
		{243635A3-1400-47B1-BC66-98F3DF14959F}.Debug|Any CPU.ActiveCfg = Debug|Any CPU
		{243635A3-1400-47B1-BC66-98F3DF14959F}.Debug|Any CPU.Build.0 = Debug|Any CPU
		{243635A3-1400-47B1-BC66-98F3DF14959F}.Release|Any CPU.ActiveCfg = Release|Any CPU
		{243635A3-1400-47B1-BC66-98F3DF14959F}.Release|Any CPU.Build.0 = Release|Any CPU
		{BD94B19B-5982-49E6-9677-51212EE7C309}.Debug|Any CPU.ActiveCfg = Debug|Any CPU
		{BD94B19B-5982-49E6-9677-51212EE7C309}.Debug|Any CPU.Build.0 = Debug|Any CPU
		{BD94B19B-5982-49E6-9677-51212EE7C309}.Release|Any CPU.ActiveCfg = Release|Any CPU
		{BD94B19B-5982-49E6-9677-51212EE7C309}.Release|Any CPU.Build.0 = Release|Any CPU
		{008DC332-1BB5-4CE3-9266-E121CC1427D4}.Debug|Any CPU.ActiveCfg = Debug|Any CPU
		{008DC332-1BB5-4CE3-9266-E121CC1427D4}.Debug|Any CPU.Build.0 = Debug|Any CPU
		{008DC332-1BB5-4CE3-9266-E121CC1427D4}.Release|Any CPU.ActiveCfg = Release|Any CPU
		{008DC332-1BB5-4CE3-9266-E121CC1427D4}.Release|Any CPU.Build.0 = Release|Any CPU
	EndGlobalSection
	GlobalSection(SolutionProperties) = preSolution
		HideSolutionNode = FALSE
	EndGlobalSection
	GlobalSection(ExtensibilityGlobals) = postSolution
		SolutionGuid = {52E28E94-D6A7-46DC-84CB-ECBEFAA865E2}
	EndGlobalSection
EndGlobal
